
Microsoft Visual Studio Solution File, Format Version 12.00
# Visual Studio 15
VisualStudioVersion = 15.0.26730.16
MinimumVisualStudioVersion = 10.0.40219.1
Project("{9A19103F-16F7-4668-BE54-9A1E7A4F7556}") = "Charly.Core.Web", "Charly.Core.Web\Charly.Core.Web.csproj", "{6944972A-66D8-47FF-B670-CE7C39ADEB40}"
EndProject
Project("{9A19103F-16F7-4668-BE54-9A1E7A4F7556}") = "Charly.Core.Web.Models", "Charly.Core.Web.Models\Charly.Core.Web.Models.csproj", "{FEC00024-A886-45D7-B57B-9CB7CA50362F}"
EndProject
Project("{9A19103F-16F7-4668-BE54-9A1E7A4F7556}") = "Charly.Core.Web.Entity", "Charly.Core.Web.Entity\Charly.Core.Web.Entity.csproj", "{981E2437-404B-4DC6-9B5E-275B30BF0FE8}"
EndProject
Project("{FAE04EC0-301F-11D3-BF4B-00C04F79EFBC}") = "Charly.Core.Web.TokenProvider", "Charly.Core.Web.TokenProvider\Charly.Core.Web.TokenProvider.csproj", "{A520939E-EC10-47F0-A496-8C36C6F333C1}"
EndProject
Project("{9A19103F-16F7-4668-BE54-9A1E7A4F7556}") = "Charly.Core.Web.Data", "Charly.Core.Web.Data\Charly.Core.Web.Data.csproj", "{B69BBF87-4AE5-48DB-BB62-A1D1D6F69FB3}"
EndProject
Global
	GlobalSection(SolutionConfigurationPlatforms) = preSolution
		Debug|Any CPU = Debug|Any CPU
		Release|Any CPU = Release|Any CPU
	EndGlobalSection
	GlobalSection(ProjectConfigurationPlatforms) = postSolution
		{6944972A-66D8-47FF-B670-CE7C39ADEB40}.Debug|Any CPU.ActiveCfg = Debug|Any CPU
		{6944972A-66D8-47FF-B670-CE7C39ADEB40}.Debug|Any CPU.Build.0 = Debug|Any CPU
		{6944972A-66D8-47FF-B670-CE7C39ADEB40}.Release|Any CPU.ActiveCfg = Release|Any CPU
		{6944972A-66D8-47FF-B670-CE7C39ADEB40}.Release|Any CPU.Build.0 = Release|Any CPU
		{FEC00024-A886-45D7-B57B-9CB7CA50362F}.Debug|Any CPU.ActiveCfg = Debug|Any CPU
		{FEC00024-A886-45D7-B57B-9CB7CA50362F}.Debug|Any CPU.Build.0 = Debug|Any CPU
		{FEC00024-A886-45D7-B57B-9CB7CA50362F}.Release|Any CPU.ActiveCfg = Release|Any CPU
		{FEC00024-A886-45D7-B57B-9CB7CA50362F}.Release|Any CPU.Build.0 = Release|Any CPU
		{981E2437-404B-4DC6-9B5E-275B30BF0FE8}.Debug|Any CPU.ActiveCfg = Debug|Any CPU
		{981E2437-404B-4DC6-9B5E-275B30BF0FE8}.Debug|Any CPU.Build.0 = Debug|Any CPU
		{981E2437-404B-4DC6-9B5E-275B30BF0FE8}.Release|Any CPU.ActiveCfg = Release|Any CPU
		{981E2437-404B-4DC6-9B5E-275B30BF0FE8}.Release|Any CPU.Build.0 = Release|Any CPU
		{A520939E-EC10-47F0-A496-8C36C6F333C1}.Debug|Any CPU.ActiveCfg = Debug|Any CPU
		{A520939E-EC10-47F0-A496-8C36C6F333C1}.Debug|Any CPU.Build.0 = Debug|Any CPU
		{A520939E-EC10-47F0-A496-8C36C6F333C1}.Release|Any CPU.ActiveCfg = Release|Any CPU
		{A520939E-EC10-47F0-A496-8C36C6F333C1}.Release|Any CPU.Build.0 = Release|Any CPU
		{B69BBF87-4AE5-48DB-BB62-A1D1D6F69FB3}.Debug|Any CPU.ActiveCfg = Debug|Any CPU
		{B69BBF87-4AE5-48DB-BB62-A1D1D6F69FB3}.Debug|Any CPU.Build.0 = Debug|Any CPU
		{B69BBF87-4AE5-48DB-BB62-A1D1D6F69FB3}.Release|Any CPU.ActiveCfg = Release|Any CPU
		{B69BBF87-4AE5-48DB-BB62-A1D1D6F69FB3}.Release|Any CPU.Build.0 = Release|Any CPU
	EndGlobalSection
	GlobalSection(SolutionProperties) = preSolution
		HideSolutionNode = FALSE
	EndGlobalSection
	GlobalSection(ExtensibilityGlobals) = postSolution
		SolutionGuid = {11E086D4-5CA2-4BE2-8E57-3D8A4F0E3AD0}
	EndGlobalSection
EndGlobal
